# This file is machine-generated by `gh actions-lock`.
# Do not edit by hand; run `gh actions-lock` to update.
# Docs: https://gh.io/actions-lockfile
version: 'v0.0.2'
workflows:
    '.github/workflows/action-dependency-submission.yml':
        - 'actions/checkout@v7.0.1'
        - 'actions/dependency-review-action@v5.0.0'
        - 'jessehouwing/actions-dependency-submission@v1.0.15'
        - 'step-security/harden-runner@v2.21.0'
    '.github/workflows/action-example-checker.yml':
        - 'actions/checkout@v7.0.1'
        - 'jessehouwing/actions-example-checker@v0.0.11'
        - 'step-security/harden-runner@v2.21.0'
    '.github/workflows/copilot-setup-steps.yml':
        - 'actions/checkout@v7.0.1'
        - 'step-security/harden-runner@v2.21.0'
    '.github/workflows/pester-tests.yml':
        - 'actions/checkout@v7.0.1'
        - 'actions/upload-artifact@v7.0.1'
        - 'enricomi/publish-unit-test-result-action@v2.24.0'
        - 'step-security/harden-runner@v2.21.0'
    '.github/workflows/powershell.yml':
        - 'actions/checkout@v7.0.1'
        - 'github/codeql-action@v4.37.7'
        - 'step-security/harden-runner@v2.21.0'
    '.github/workflows/publish-psgallery.yml':
        - 'actions/checkout@v7.0.1'
        - 'step-security/harden-runner@v2.21.0'
    '.github/workflows/scorecard.yml':
        - 'actions/checkout@v7.0.1'
        - 'actions/upload-artifact@v7.0.1'
        - 'github/codeql-action@v4.37.7'
        - 'ossf/scorecard-action@v2.4.4'
        - 'step-security/harden-runner@v2.21.0'
dependencies:
    'actions/checkout@v7.0.1':
        ref: 'v7.0.1'
        commit: 'sha1-3d3c42e5aac5ba805825da76410c181273ba90b1'
        owner_id: 44036562
        repo_id: 197814629
    'actions/dependency-review-action@v5.0.0':
        ref: 'v5.0.0'
        commit: 'sha1-a1d282b36b6f3519aa1f3fc636f609c47dddb294'
        owner_id: 44036562
        repo_id: 476372928
    'actions/upload-artifact@v7.0.1':
        ref: 'v7.0.1'
        commit: 'sha1-043fb46d1a93c77aae656e7c1c64a875d1fc6a0a'
        owner_id: 44036562
        repo_id: 192625955
    'enricomi/publish-unit-test-result-action@v2.24.0':
        ref: 'v2.24.0'
        commit: 'sha1-d0a4676d0e0b938bc201470d88276b7c74c712b3'
        owner_id: 44700269
        repo_id: 290227969
    'github/codeql-action@v4.37.7':
        ref: 'v4.37.7'
        commit: 'sha1-ff2f1c621b7f889edc0d3c761ac2e6a3f8cdb0dd'
        owner_id: 9919
        repo_id: 259445878
    'jessehouwing/actions-dependency-submission@v1.0.15':
        ref: 'v1.0.15'
        commit: 'sha1-d4ed9fd03b1c91e31a62d9a4095440128ec1316b'
        owner_id: 4173387
        repo_id: 1109249632
    'jessehouwing/actions-example-checker@v0.0.11':
        ref: 'v0.0.11'
        commit: 'sha1-eb2c287585cd48847abc0d3012e861918793561f'
        owner_id: 4173387
        repo_id: 1161059458
    'ossf/scorecard-action@v2.4.4':
        ref: 'v2.4.4'
        commit: 'sha1-2d1146689b8cda280b9bc96326124645441f03bc'
        owner_id: 67707773
        repo_id: 421101922
    'step-security/harden-runner@v2.21.0':
        ref: 'v2.21.0'
        commit: 'sha1-05e31511f85b41b11d1cf0ef85d0992719546e2c'
        owner_id: 88700172
        repo_id: 422287306
